
Microsoft Visual Studio Solution File, Format Version 12.00
# Visual Studio Version 17
VisualStudioVersion = 17.8.34330.188
MinimumVisualStudioVersion = 10.0.40219.1
Project("{8BC9CEB8-8B4A-11D0-8D11-00A0C91BC942}") = "Laba1", "Laba1\Laba1.vcxproj", "{89994DAC-4EE8-4A9E-BB4E-2D6BA9211A49}"
EndProject
Project("{8BC9CEB8-8B4A-11D0-8D11-00A0C91BC942}") = "Tests", "Tests\Tests.vcxproj", "{9670EE85-C3E1-4C89-B153-FEDCB210555A}"
EndProject
Global
	GlobalSection(SolutionConfigurationPlatforms) = preSolution
		Debug|x64 = Debug|x64
		Debug|x86 = Debug|x86
		Release|x64 = Release|x64
		Release|x86 = Release|x86
	EndGlobalSection
	GlobalSection(ProjectConfigurationPlatforms) = postSolution
		{89994DAC-4EE8-4A9E-BB4E-2D6BA9211A49}.Debug|x64.ActiveCfg = Debug|x64
		{89994DAC-4EE8-4A9E-BB4E-2D6BA9211A49}.Debug|x64.Build.0 = Debug|x64
		{89994DAC-4EE8-4A9E-BB4E-2D6BA9211A49}.Debug|x86.ActiveCfg = Debug|Win32
		{89994DAC-4EE8-4A9E-BB4E-2D6BA9211A49}.Debug|x86.Build.0 = Debug|Win32
		{89994DAC-4EE8-4A9E-BB4E-2D6BA9211A49}.Release|x64.ActiveCfg = Release|x64
		{89994DAC-4EE8-4A9E-BB4E-2D6BA9211A49}.Release|x64.Build.0 = Release|x64
		{89994DAC-4EE8-4A9E-BB4E-2D6BA9211A49}.Release|x86.ActiveCfg = Release|Win32
		{89994DAC-4EE8-4A9E-BB4E-2D6BA9211A49}.Release|x86.Build.0 = Release|Win32
		{9670EE85-C3E1-4C89-B153-FEDCB210555A}.Debug|x64.ActiveCfg = Debug|x64
		{9670EE85-C3E1-4C89-B153-FEDCB210555A}.Debug|x64.Build.0 = Debug|x64
		{9670EE85-C3E1-4C89-B153-FEDCB210555A}.Debug|x86.ActiveCfg = Debug|Win32
		{9670EE85-C3E1-4C89-B153-FEDCB210555A}.Debug|x86.Build.0 = Debug|Win32
		{9670EE85-C3E1-4C89-B153-FEDCB210555A}.Release|x64.ActiveCfg = Release|x64
		{9670EE85-C3E1-4C89-B153-FEDCB210555A}.Release|x64.Build.0 = Release|x64
		{9670EE85-C3E1-4C89-B153-FEDCB210555A}.Release|x86.ActiveCfg = Release|Win32
		{9670EE85-C3E1-4C89-B153-FEDCB210555A}.Release|x86.Build.0 = Release|Win32
	EndGlobalSection
	GlobalSection(SolutionProperties) = preSolution
		HideSolutionNode = FALSE
	EndGlobalSection
	GlobalSection(ExtensibilityGlobals) = postSolution
		SolutionGuid = {28ABA4AF-EA2A-4927-9EDD-5D985A4E5A6A}
	EndGlobalSection
EndGlobal
